
Microsoft Visual Studio Solution File, Format Version 12.00
# Visual Studio Version 16
VisualStudioVersion = 16.0.31702.278
MinimumVisualStudioVersion = 10.0.40219.1
Project("{FAE04EC0-301F-11D3-BF4B-00C04F79EFBC}") = "ERPCoreDemo", "ERPCoreDemo\ERPCoreDemo.csproj", "{2752E4E9-6822-43D1-9D1A-BBA212F796FE}"
EndProject
Global
	GlobalSection(SolutionConfigurationPlatforms) = preSolution
		Debug|Any CPU = Debug|Any CPU
		Release|Any CPU = Release|Any CPU
	EndGlobalSection
	GlobalSection(ProjectConfigurationPlatforms) = postSolution
		{2752E4E9-6822-43D1-9D1A-BBA212F796FE}.Debug|Any CPU.ActiveCfg = Debug|Any CPU
		{2752E4E9-6822-43D1-9D1A-BBA212F796FE}.Debug|Any CPU.Build.0 = Debug|Any CPU
		{2752E4E9-6822-43D1-9D1A-BBA212F796FE}.Release|Any CPU.ActiveCfg = Release|Any CPU
		{2752E4E9-6822-43D1-9D1A-BBA212F796FE}.Release|Any CPU.Build.0 = Release|Any CPU
	EndGlobalSection
	GlobalSection(SolutionProperties) = preSolution
		HideSolutionNode = FALSE
	EndGlobalSection
	GlobalSection(ExtensibilityGlobals) = postSolution
		SolutionGuid = {06FF21A8-AFC2-4F70-A247-550FB5B8EBF7}
	EndGlobalSection
EndGlobal
